{
  "object": {
    "pins": [
      {
        "package": "DifferenceKit",
        "repositoryURL": "https://github.com/ra1028/DifferenceKit.git",
        "state": {
          "branch": null,
          "revision": "073b9671ce2b9b5b96398611427a1f929927e428",
          "version": "1.3.0"
        }
      }
    ]
  },
  "version": 1
}
