PODS:
  - EasyPeasy (1.4.2)
  - PINCache (3.0.1-beta.5):
    - PINCache/Arc-exception-safe (= 3.0.1-beta.5)
    - PINCache/Core (= 3.0.1-beta.5)
  - PINCache/Arc-exception-safe (3.0.1-beta.5):
    - PINCache/Core
  - PINCache/Core (3.0.1-beta.5):
    - PINOperation (= 1.0.3)
  - PINOperation (1.0.3)
  - PINRemoteImage/Core (3.0.0-beta.11):
    - PINOperation
  - PINRemoteImage/iOS (3.0.0-beta.11):
    - PINRemoteImage/Core
  - PINRemoteImage/PINCache (3.0.0-beta.11):
    - PINCache (= 3.0.1-beta.5)
    - PINRemoteImage/Core
  - RxCocoa (3.6.1):
    - RxSwift (~> 3.6)
  - RxSwift (3.6.1)
  - Texture (2.3.4):
    - Texture/PINRemoteImage (= 2.3.4)
  - Texture/Core (2.3.4)
  - Texture/PINRemoteImage (2.3.4):
    - PINRemoteImage/iOS (= 3.0.0-beta.11)
    - PINRemoteImage/PINCache
    - Texture/Core

DEPENDENCIES:
  - EasyPeasy
  - RxCocoa
  - RxSwift
  - Texture

SPEC CHECKSUMS:
  EasyPeasy: 50e7130b61f495ce105796e438d4136e2c8d2cc0
  PINCache: 98e7b1ef782824ad231ade51987c218b758c30d8
  PINOperation: ac23db44796d4a564ecf9b5ea7163510f579b71d
  PINRemoteImage: d71988f11914a050d6d4cf51efc4ad1de8c0a9d8
  RxCocoa: 84a08739ab186248c7f31ce4ee92d6f8a947d690
  RxSwift: f9de85ea20cd2f7716ee5409fc13523dc638e4e4
  Texture: 8cf0872fe33328c20d7e6c1fcbf1f23a82162f2f

PODFILE CHECKSUM: b8e1f4e3fe195a486aa393e51c4c11ca506551eb

COCOAPODS: 1.2.1
