PODS:
  - EasyPeasy (1.6.0)
  - PINCache (3.0.1-beta.5):
    - PINCache/Arc-exception-safe (= 3.0.1-beta.5)
    - PINCache/Core (= 3.0.1-beta.5)
  - PINCache/Arc-exception-safe (3.0.1-beta.5):
    - PINCache/Core
  - PINCache/Core (3.0.1-beta.5):
    - PINOperation (= 1.0.3)
  - PINOperation (1.0.3)
  - PINRemoteImage/Core (3.0.0-beta.12):
    - PINOperation
  - PINRemoteImage/iOS (3.0.0-beta.12):
    - PINRemoteImage/Core
  - PINRemoteImage/PINCache (3.0.0-beta.12):
    - PINCache (= 3.0.1-beta.5)
    - PINRemoteImage/Core
  - RxCocoa (4.0.0):
    - RxSwift (~> 4.0)
  - RxSwift (4.0.0)
  - Texture (2.5.1):
    - Texture/PINRemoteImage (= 2.5.1)
  - Texture/Core (2.5.1)
  - Texture/PINRemoteImage (2.5.1):
    - PINRemoteImage/iOS (= 3.0.0-beta.12)
    - PINRemoteImage/PINCache
    - Texture/Core

DEPENDENCIES:
  - EasyPeasy
  - RxCocoa
  - RxSwift
  - Texture

SPEC REPOS:
  https://github.com/cocoapods/specs.git:
    - EasyPeasy
    - PINCache
    - PINOperation
    - PINRemoteImage
    - RxCocoa
    - RxSwift
    - Texture

SPEC CHECKSUMS:
  EasyPeasy: aef0a77d7e7636d6b5e046194bc911b0a8d73c88
  PINCache: 98e7b1ef782824ad231ade51987c218b758c30d8
  PINOperation: ac23db44796d4a564ecf9b5ea7163510f579b71d
  PINRemoteImage: 0cefe720c2612960bd360710efbd6c73a1991d5f
  RxCocoa: d62846ca96495d862fa4c59ea7d87e5031d7340e
  RxSwift: fd680d75283beb5e2559486f3c0ff852f0d35334
  Texture: c3f06e344aa091667b7a56002e525cde674d021a

PODFILE CHECKSUM: b8e1f4e3fe195a486aa393e51c4c11ca506551eb

COCOAPODS: 1.6.0
