// !$*UTF8*$!
{
	archiveVersion = 1;
	classes = {
	};
	objectVersion = 48;
	objects = {

/* Begin PBXBuildFile section */
		309945869597F3FA59E57E5A /* Pods_DataSourcesDemoUITests.framework in Frameworks */ = {isa = PBXBuildFile; fileRef = 68A5C4702FAF617B7BC75F05 /* Pods_DataSourcesDemoUITests.framework */; };
		4B020EC01F3A35A90001EDB7 /* Throttle.swift in Sources */ = {isa = PBXBuildFile; fileRef = 4B020EBF1F3A35A90001EDB7 /* Throttle.swift */; };
		4B0B9E1F1F3A3B840013B992 /* ThrottleTests.swift in Sources */ = {isa = PBXBuildFile; fileRef = 4B0B9E1D1F3A3B660013B992 /* ThrottleTests.swift */; };
		4B2876C71F3846C70033B43F /* DataSources.framework in Frameworks */ = {isa = PBXBuildFile; fileRef = 4B2876BD1F3846C70033B43F /* DataSources.framework */; };
		4B2876CE1F3846C70033B43F /* ListAdapter.h in Headers */ = {isa = PBXBuildFile; fileRef = 4B2876C01F3846C70033B43F /* ListAdapter.h */; settings = {ATTRIBUTES = (Public, ); }; };
		4B2876DE1F38476F0033B43F /* AppDelegate.swift in Sources */ = {isa = PBXBuildFile; fileRef = 4B2876DD1F38476F0033B43F /* AppDelegate.swift */; };
		4B2876E01F38476F0033B43F /* ViewController.swift in Sources */ = {isa = PBXBuildFile; fileRef = 4B2876DF1F38476F0033B43F /* ViewController.swift */; };
		4B2876E31F38476F0033B43F /* Main.storyboard in Resources */ = {isa = PBXBuildFile; fileRef = 4B2876E11F38476F0033B43F /* Main.storyboard */; };
		4B2876E51F38476F0033B43F /* Assets.xcassets in Resources */ = {isa = PBXBuildFile; fileRef = 4B2876E41F38476F0033B43F /* Assets.xcassets */; };
		4B2876E81F38476F0033B43F /* LaunchScreen.storyboard in Resources */ = {isa = PBXBuildFile; fileRef = 4B2876E61F38476F0033B43F /* LaunchScreen.storyboard */; };
		4B2876F31F38476F0033B43F /* ListAdapterDemoUITests.swift in Sources */ = {isa = PBXBuildFile; fileRef = 4B2876F21F38476F0033B43F /* ListAdapterDemoUITests.swift */; };
		4B2876FC1F3847B90033B43F /* Updating.swift in Sources */ = {isa = PBXBuildFile; fileRef = 4B2876FB1F3847B90033B43F /* Updating.swift */; };
		4B7BA02E1F38FC9600CE9BAC /* DataSources.framework in Frameworks */ = {isa = PBXBuildFile; fileRef = 4B2876BD1F3846C70033B43F /* DataSources.framework */; };
		4B7BA02F1F38FC9600CE9BAC /* DataSources.framework in Embed Frameworks */ = {isa = PBXBuildFile; fileRef = 4B2876BD1F3846C70033B43F /* DataSources.framework */; settings = {ATTRIBUTES = (CodeSignOnCopy, RemoveHeadersOnCopy, ); }; };
		4B84E8951F38FFFF00168F6E /* CollectionViewController.swift in Sources */ = {isa = PBXBuildFile; fileRef = 4B84E8941F38FFFF00168F6E /* CollectionViewController.swift */; };
		4B9997C01F39A99700DCE3FA /* CollectionNodeAdapter.swift in Sources */ = {isa = PBXBuildFile; fileRef = 4B9997BF1F39A99700DCE3FA /* CollectionNodeAdapter.swift */; };
		4BCFF27D1F38DCE50031FFAC /* SectionDataSource.swift in Sources */ = {isa = PBXBuildFile; fileRef = 4BCFF27C1F38DCE50031FFAC /* SectionDataSource.swift */; };
		4BCFF27F1F38DD3E0031FFAC /* SectionUpdater.swift in Sources */ = {isa = PBXBuildFile; fileRef = 4BCFF27E1F38DD3E0031FFAC /* SectionUpdater.swift */; };
		4BDB45E21F394881003F5053 /* Diff.framework in Frameworks */ = {isa = PBXBuildFile; fileRef = 4BDB45D91F394881003F5053 /* Diff.framework */; };
		4BDB45E91F394881003F5053 /* DiffTests.swift in Sources */ = {isa = PBXBuildFile; fileRef = 4BDB45E81F394881003F5053 /* DiffTests.swift */; };
		4BDB45EB1F394881003F5053 /* Diff.h in Headers */ = {isa = PBXBuildFile; fileRef = 4BDB45DB1F394881003F5053 /* Diff.h */; settings = {ATTRIBUTES = (Public, ); }; };
		4BDB45EE1F394881003F5053 /* Diff.framework in Frameworks */ = {isa = PBXBuildFile; fileRef = 4BDB45D91F394881003F5053 /* Diff.framework */; };
		4BDB45EF1F394881003F5053 /* Diff.framework in Embed Frameworks */ = {isa = PBXBuildFile; fileRef = 4BDB45D91F394881003F5053 /* Diff.framework */; settings = {ATTRIBUTES = (CodeSignOnCopy, RemoveHeadersOnCopy, ); }; };
		4BDB45F81F394C11003F5053 /* Diff.swift in Sources */ = {isa = PBXBuildFile; fileRef = 4B2876FF1F3849220033B43F /* Diff.swift */; };
		4BDB45F91F394EEA003F5053 /* Diff.framework in Frameworks */ = {isa = PBXBuildFile; fileRef = 4BDB45D91F394881003F5053 /* Diff.framework */; };
		4BDB45FB1F394FDF003F5053 /* DataSources.swift in Sources */ = {isa = PBXBuildFile; fileRef = 4BDB45FA1F394FDF003F5053 /* DataSources.swift */; };
		4BDB45FD1F39500F003F5053 /* ChangesArray.swift in Sources */ = {isa = PBXBuildFile; fileRef = 4BDB45FC1F39500F003F5053 /* ChangesArray.swift */; };
		4BDB45FF1F3950F2003F5053 /* CollectionViewAdapter.swift in Sources */ = {isa = PBXBuildFile; fileRef = 4BDB45FE1F3950F2003F5053 /* CollectionViewAdapter.swift */; };
		4BDB46011F3953C3003F5053 /* Foundation+Diffable.swift in Sources */ = {isa = PBXBuildFile; fileRef = 4BDB46001F3953C3003F5053 /* Foundation+Diffable.swift */; };
		4BE9DCC61F3ABE2D002A00FA /* DataSource.swift in Sources */ = {isa = PBXBuildFile; fileRef = 4BE9DCC51F3ABE2D002A00FA /* DataSource.swift */; };
		DF3C89DEF99725A1C1B5BFB4 /* Pods_DataSourcesDemo.framework in Frameworks */ = {isa = PBXBuildFile; fileRef = DB154178EA51E5E7CE88008A /* Pods_DataSourcesDemo.framework */; };
/* End PBXBuildFile section */

/* Begin PBXContainerItemProxy section */
		4B2876C81F3846C70033B43F /* PBXContainerItemProxy */ = {
			isa = PBXContainerItemProxy;
			containerPortal = 4B2876B41F3846C70033B43F /* Project object */;
			proxyType = 1;
			remoteGlobalIDString = 4B2876BC1F3846C70033B43F;
			remoteInfo = ListAdapter;
		};
		4B2876EF1F38476F0033B43F /* PBXContainerItemProxy */ = {
			isa = PBXContainerItemProxy;
			containerPortal = 4B2876B41F3846C70033B43F /* Project object */;
			proxyType = 1;
			remoteGlobalIDString = 4B2876DA1F38476F0033B43F;
			remoteInfo = ListAdapterDemo;
		};
		4B7BA0301F38FC9600CE9BAC /* PBXContainerItemProxy */ = {
			isa = PBXContainerItemProxy;
			containerPortal = 4B2876B41F3846C70033B43F /* Project object */;
			proxyType = 1;
			remoteGlobalIDString = 4B2876BC1F3846C70033B43F;
			remoteInfo = ListAdapter;
		};
		4BDB45E31F394881003F5053 /* PBXContainerItemProxy */ = {
			isa = PBXContainerItemProxy;
			containerPortal = 4B2876B41F3846C70033B43F /* Project object */;
			proxyType = 1;
			remoteGlobalIDString = 4BDB45D81F394881003F5053;
			remoteInfo = Diff;
		};
		4BDB45EC1F394881003F5053 /* PBXContainerItemProxy */ = {
			isa = PBXContainerItemProxy;
			containerPortal = 4B2876B41F3846C70033B43F /* Project object */;
			proxyType = 1;
			remoteGlobalIDString = 4BDB45D81F394881003F5053;
			remoteInfo = Diff;
		};
/* End PBXContainerItemProxy section */

/* Begin PBXCopyFilesBuildPhase section */
		4BCFF2791F38DC0B0031FFAC /* Embed Frameworks */ = {
			isa = PBXCopyFilesBuildPhase;
			buildActionMask = 2147483647;
			dstPath = "";
			dstSubfolderSpec = 10;
			files = (
				4B7BA02F1F38FC9600CE9BAC /* DataSources.framework in Embed Frameworks */,
				4BDB45EF1F394881003F5053 /* Diff.framework in Embed Frameworks */,
			);
			name = "Embed Frameworks";
			runOnlyForDeploymentPostprocessing = 0;
		};
/* End PBXCopyFilesBuildPhase section */

/* Begin PBXFileReference section */
		4B020EBF1F3A35A90001EDB7 /* Throttle.swift */ = {isa = PBXFileReference; fileEncoding = 4; lastKnownFileType = sourcecode.swift; path = Throttle.swift; sourceTree = "<group>"; };
		4B0B9E1D1F3A3B660013B992 /* ThrottleTests.swift */ = {isa = PBXFileReference; lastKnownFileType = sourcecode.swift; path = ThrottleTests.swift; sourceTree = "<group>"; };
		4B2876BD1F3846C70033B43F /* DataSources.framework */ = {isa = PBXFileReference; explicitFileType = wrapper.framework; includeInIndex = 0; path = DataSources.framework; sourceTree = BUILT_PRODUCTS_DIR; };
		4B2876C01F3846C70033B43F /* ListAdapter.h */ = {isa = PBXFileReference; lastKnownFileType = sourcecode.c.h; path = ListAdapter.h; sourceTree = "<group>"; };
		4B2876C11F3846C70033B43F /* Info.plist */ = {isa = PBXFileReference; lastKnownFileType = text.plist.xml; path = Info.plist; sourceTree = "<group>"; };
		4B2876C61F3846C70033B43F /* DataSourcesTests.xctest */ = {isa = PBXFileReference; explicitFileType = wrapper.cfbundle; includeInIndex = 0; path = DataSourcesTests.xctest; sourceTree = BUILT_PRODUCTS_DIR; };
		4B2876CD1F3846C70033B43F /* Info.plist */ = {isa = PBXFileReference; lastKnownFileType = text.plist.xml; path = Info.plist; sourceTree = "<group>"; };
		4B2876DB1F38476F0033B43F /* DataSourcesDemo.app */ = {isa = PBXFileReference; explicitFileType = wrapper.application; includeInIndex = 0; path = DataSourcesDemo.app; sourceTree = BUILT_PRODUCTS_DIR; };
		4B2876DD1F38476F0033B43F /* AppDelegate.swift */ = {isa = PBXFileReference; lastKnownFileType = sourcecode.swift; path = AppDelegate.swift; sourceTree = "<group>"; };
		4B2876DF1F38476F0033B43F /* ViewController.swift */ = {isa = PBXFileReference; lastKnownFileType = sourcecode.swift; path = ViewController.swift; sourceTree = "<group>"; };
		4B2876E21F38476F0033B43F /* Base */ = {isa = PBXFileReference; lastKnownFileType = file.storyboard; name = Base; path = Base.lproj/Main.storyboard; sourceTree = "<group>"; };
		4B2876E41F38476F0033B43F /* Assets.xcassets */ = {isa = PBXFileReference; lastKnownFileType = folder.assetcatalog; path = Assets.xcassets; sourceTree = "<group>"; };
		4B2876E71F38476F0033B43F /* Base */ = {isa = PBXFileReference; lastKnownFileType = file.storyboard; name = Base; path = Base.lproj/LaunchScreen.storyboard; sourceTree = "<group>"; };
		4B2876E91F38476F0033B43F /* Info.plist */ = {isa = PBXFileReference; lastKnownFileType = text.plist.xml; path = Info.plist; sourceTree = "<group>"; };
		4B2876EE1F38476F0033B43F /* DataSourcesDemoUITests.xctest */ = {isa = PBXFileReference; explicitFileType = wrapper.cfbundle; includeInIndex = 0; path = DataSourcesDemoUITests.xctest; sourceTree = BUILT_PRODUCTS_DIR; };
		4B2876F21F38476F0033B43F /* ListAdapterDemoUITests.swift */ = {isa = PBXFileReference; lastKnownFileType = sourcecode.swift; path = ListAdapterDemoUITests.swift; sourceTree = "<group>"; };
		4B2876F41F38476F0033B43F /* Info.plist */ = {isa = PBXFileReference; lastKnownFileType = text.plist.xml; path = Info.plist; sourceTree = "<group>"; };
		4B2876FB1F3847B90033B43F /* Updating.swift */ = {isa = PBXFileReference; indentWidth = 2; lastKnownFileType = sourcecode.swift; path = Updating.swift; sourceTree = "<group>"; };
		4B2876FF1F3849220033B43F /* Diff.swift */ = {isa = PBXFileReference; lastKnownFileType = sourcecode.swift; path = Diff.swift; sourceTree = "<group>"; };
		4B84E8941F38FFFF00168F6E /* CollectionViewController.swift */ = {isa = PBXFileReference; lastKnownFileType = sourcecode.swift; path = CollectionViewController.swift; sourceTree = "<group>"; };
		4B9997BF1F39A99700DCE3FA /* CollectionNodeAdapter.swift */ = {isa = PBXFileReference; lastKnownFileType = sourcecode.swift; path = CollectionNodeAdapter.swift; sourceTree = "<group>"; };
		4BCFF27C1F38DCE50031FFAC /* SectionDataSource.swift */ = {isa = PBXFileReference; lastKnownFileType = sourcecode.swift; path = SectionDataSource.swift; sourceTree = "<group>"; };
		4BCFF27E1F38DD3E0031FFAC /* SectionUpdater.swift */ = {isa = PBXFileReference; lastKnownFileType = sourcecode.swift; path = SectionUpdater.swift; sourceTree = "<group>"; };
		4BDB45D91F394881003F5053 /* Diff.framework */ = {isa = PBXFileReference; explicitFileType = wrapper.framework; includeInIndex = 0; path = Diff.framework; sourceTree = BUILT_PRODUCTS_DIR; };
		4BDB45DB1F394881003F5053 /* Diff.h */ = {isa = PBXFileReference; lastKnownFileType = sourcecode.c.h; path = Diff.h; sourceTree = "<group>"; };
		4BDB45DC1F394881003F5053 /* Info.plist */ = {isa = PBXFileReference; lastKnownFileType = text.plist.xml; path = Info.plist; sourceTree = "<group>"; };
		4BDB45E11F394881003F5053 /* DiffTests.xctest */ = {isa = PBXFileReference; explicitFileType = wrapper.cfbundle; includeInIndex = 0; path = DiffTests.xctest; sourceTree = BUILT_PRODUCTS_DIR; };
		4BDB45E81F394881003F5053 /* DiffTests.swift */ = {isa = PBXFileReference; lastKnownFileType = sourcecode.swift; path = DiffTests.swift; sourceTree = "<group>"; };
		4BDB45EA1F394881003F5053 /* Info.plist */ = {isa = PBXFileReference; lastKnownFileType = text.plist.xml; path = Info.plist; sourceTree = "<group>"; };
		4BDB45FA1F394FDF003F5053 /* DataSources.swift */ = {isa = PBXFileReference; lastKnownFileType = sourcecode.swift; path = DataSources.swift; sourceTree = "<group>"; };
		4BDB45FC1F39500F003F5053 /* ChangesArray.swift */ = {isa = PBXFileReference; lastKnownFileType = sourcecode.swift; path = ChangesArray.swift; sourceTree = "<group>"; };
		4BDB45FE1F3950F2003F5053 /* CollectionViewAdapter.swift */ = {isa = PBXFileReference; lastKnownFileType = sourcecode.swift; path = CollectionViewAdapter.swift; sourceTree = "<group>"; };
		4BDB46001F3953C3003F5053 /* Foundation+Diffable.swift */ = {isa = PBXFileReference; lastKnownFileType = sourcecode.swift; path = "Foundation+Diffable.swift"; sourceTree = "<group>"; };
		4BE9DCC51F3ABE2D002A00FA /* DataSource.swift */ = {isa = PBXFileReference; lastKnownFileType = sourcecode.swift; path = DataSource.swift; sourceTree = "<group>"; };
		5F9FA47FCDF59FE730FF500A /* Pods-DataSourcesDemo.debug.xcconfig */ = {isa = PBXFileReference; includeInIndex = 1; lastKnownFileType = text.xcconfig; name = "Pods-DataSourcesDemo.debug.xcconfig"; path = "Pods/Target Support Files/Pods-DataSourcesDemo/Pods-DataSourcesDemo.debug.xcconfig"; sourceTree = "<group>"; };
		68A5C4702FAF617B7BC75F05 /* Pods_DataSourcesDemoUITests.framework */ = {isa = PBXFileReference; explicitFileType = wrapper.framework; includeInIndex = 0; path = Pods_DataSourcesDemoUITests.framework; sourceTree = BUILT_PRODUCTS_DIR; };
		84702358F17DC4D5781BEA62 /* Pods-DataSourcesDemoUITests.debug.xcconfig */ = {isa = PBXFileReference; includeInIndex = 1; lastKnownFileType = text.xcconfig; name = "Pods-DataSourcesDemoUITests.debug.xcconfig"; path = "Pods/Target Support Files/Pods-DataSourcesDemoUITests/Pods-DataSourcesDemoUITests.debug.xcconfig"; sourceTree = "<group>"; };
		A83E9764DA41078620080029 /* Pods-DataSourcesDemoUITests.release.xcconfig */ = {isa = PBXFileReference; includeInIndex = 1; lastKnownFileType = text.xcconfig; name = "Pods-DataSourcesDemoUITests.release.xcconfig"; path = "Pods/Target Support Files/Pods-DataSourcesDemoUITests/Pods-DataSourcesDemoUITests.release.xcconfig"; sourceTree = "<group>"; };
		D58FD6F11BA159DDC377CC66 /* Pods-DataSourcesDemo.release.xcconfig */ = {isa = PBXFileReference; includeInIndex = 1; lastKnownFileType = text.xcconfig; name = "Pods-DataSourcesDemo.release.xcconfig"; path = "Pods/Target Support Files/Pods-DataSourcesDemo/Pods-DataSourcesDemo.release.xcconfig"; sourceTree = "<group>"; };
		DB154178EA51E5E7CE88008A /* Pods_DataSourcesDemo.framework */ = {isa = PBXFileReference; explicitFileType = wrapper.framework; includeInIndex = 0; path = Pods_DataSourcesDemo.framework; sourceTree = BUILT_PRODUCTS_DIR; };
/* End PBXFileReference section */

/* Begin PBXFrameworksBuildPhase section */
		4B2876B91F3846C70033B43F /* Frameworks */ = {
			isa = PBXFrameworksBuildPhase;
			buildActionMask = 2147483647;
			files = (
				4BDB45F91F394EEA003F5053 /* Diff.framework in Frameworks */,
			);
			runOnlyForDeploymentPostprocessing = 0;
		};
		4B2876C31F3846C70033B43F /* Frameworks */ = {
			isa = PBXFrameworksBuildPhase;
			buildActionMask = 2147483647;
			files = (
				4B2876C71F3846C70033B43F /* DataSources.framework in Frameworks */,
			);
			runOnlyForDeploymentPostprocessing = 0;
		};
		4B2876D81F38476F0033B43F /* Frameworks */ = {
			isa = PBXFrameworksBuildPhase;
			buildActionMask = 2147483647;
			files = (
				4B7BA02E1F38FC9600CE9BAC /* DataSources.framework in Frameworks */,
				4BDB45EE1F394881003F5053 /* Diff.framework in Frameworks */,
				DF3C89DEF99725A1C1B5BFB4 /* Pods_DataSourcesDemo.framework in Frameworks */,
			);
			runOnlyForDeploymentPostprocessing = 0;
		};
		4B2876EB1F38476F0033B43F /* Frameworks */ = {
			isa = PBXFrameworksBuildPhase;
			buildActionMask = 2147483647;
			files = (
				309945869597F3FA59E57E5A /* Pods_DataSourcesDemoUITests.framework in Frameworks */,
			);
			runOnlyForDeploymentPostprocessing = 0;
		};
		4BDB45D51F394881003F5053 /* Frameworks */ = {
			isa = PBXFrameworksBuildPhase;
			buildActionMask = 2147483647;
			files = (
			);
			runOnlyForDeploymentPostprocessing = 0;
		};
		4BDB45DE1F394881003F5053 /* Frameworks */ = {
			isa = PBXFrameworksBuildPhase;
			buildActionMask = 2147483647;
			files = (
				4BDB45E21F394881003F5053 /* Diff.framework in Frameworks */,
			);
			runOnlyForDeploymentPostprocessing = 0;
		};
/* End PBXFrameworksBuildPhase section */

/* Begin PBXGroup section */
		4B2876B31F3846C70033B43F = {
			isa = PBXGroup;
			children = (
				4BDB45F61F3948A8003F5053 /* Tests */,
				4B2876BE1F3846C70033B43F /* Products */,
				4BCFF27B1F38DC5C0031FFAC /* Sources */,
				F6B5F6248C94D7E6717961D1 /* Pods */,
				742E18CAEC9DB73272848CC7 /* Frameworks */,
			);
			sourceTree = "<group>";
		};
		4B2876BE1F3846C70033B43F /* Products */ = {
			isa = PBXGroup;
			children = (
				4B2876BD1F3846C70033B43F /* DataSources.framework */,
				4B2876C61F3846C70033B43F /* DataSourcesTests.xctest */,
				4B2876DB1F38476F0033B43F /* DataSourcesDemo.app */,
				4B2876EE1F38476F0033B43F /* DataSourcesDemoUITests.xctest */,
				4BDB45D91F394881003F5053 /* Diff.framework */,
				4BDB45E11F394881003F5053 /* DiffTests.xctest */,
			);
			name = Products;
			sourceTree = "<group>";
		};
		4B2876BF1F3846C70033B43F /* DataSources */ = {
			isa = PBXGroup;
			children = (
				4B2876C11F3846C70033B43F /* Info.plist */,
				4B2876C01F3846C70033B43F /* ListAdapter.h */,
				4B2876FB1F3847B90033B43F /* Updating.swift */,
				4BCFF27C1F38DCE50031FFAC /* SectionDataSource.swift */,
				4BE9DCC51F3ABE2D002A00FA /* DataSource.swift */,
				4BCFF27E1F38DD3E0031FFAC /* SectionUpdater.swift */,
				4BDB45FA1F394FDF003F5053 /* DataSources.swift */,
				4BDB45FE1F3950F2003F5053 /* CollectionViewAdapter.swift */,
				4B020EBF1F3A35A90001EDB7 /* Throttle.swift */,
			);
			path = DataSources;
			sourceTree = "<group>";
		};
		4B2876CA1F3846C70033B43F /* DataSourcesTests */ = {
			isa = PBXGroup;
			children = (
				4B2876CD1F3846C70033B43F /* Info.plist */,
				4B0B9E1D1F3A3B660013B992 /* ThrottleTests.swift */,
			);
			path = DataSourcesTests;
			sourceTree = "<group>";
		};
		4B2876DC1F38476F0033B43F /* DataSourcesDemo */ = {
			isa = PBXGroup;
			children = (
				4B2876DD1F38476F0033B43F /* AppDelegate.swift */,
				4B2876E41F38476F0033B43F /* Assets.xcassets */,
				4B2876E91F38476F0033B43F /* Info.plist */,
				4B2876E61F38476F0033B43F /* LaunchScreen.storyboard */,
				4B2876E11F38476F0033B43F /* Main.storyboard */,
				4B2876DF1F38476F0033B43F /* ViewController.swift */,
				4B84E8941F38FFFF00168F6E /* CollectionViewController.swift */,
				4B9997BF1F39A99700DCE3FA /* CollectionNodeAdapter.swift */,
			);
			path = DataSourcesDemo;
			sourceTree = "<group>";
		};
		4B2876F11F38476F0033B43F /* DataSourcesDemoUITests */ = {
			isa = PBXGroup;
			children = (
				4B2876F41F38476F0033B43F /* Info.plist */,
				4B2876F21F38476F0033B43F /* ListAdapterDemoUITests.swift */,
			);
			path = DataSourcesDemoUITests;
			sourceTree = "<group>";
		};
		4BCFF27B1F38DC5C0031FFAC /* Sources */ = {
			isa = PBXGroup;
			children = (
				4BDB45DA1F394881003F5053 /* Diff */,
				4B2876BF1F3846C70033B43F /* DataSources */,
				4B2876DC1F38476F0033B43F /* DataSourcesDemo */,
			);
			path = Sources;
			sourceTree = "<group>";
		};
		4BDB45DA1F394881003F5053 /* Diff */ = {
			isa = PBXGroup;
			children = (
				4B2876FF1F3849220033B43F /* Diff.swift */,
				4BDB46001F3953C3003F5053 /* Foundation+Diffable.swift */,
				4BDB45FC1F39500F003F5053 /* ChangesArray.swift */,
				4BDB45DB1F394881003F5053 /* Diff.h */,
				4BDB45DC1F394881003F5053 /* Info.plist */,
			);
			path = Diff;
			sourceTree = "<group>";
		};
		4BDB45E71F394881003F5053 /* DiffTests */ = {
			isa = PBXGroup;
			children = (
				4BDB45E81F394881003F5053 /* DiffTests.swift */,
				4BDB45EA1F394881003F5053 /* Info.plist */,
			);
			path = DiffTests;
			sourceTree = "<group>";
		};
		4BDB45F61F3948A8003F5053 /* Tests */ = {
			isa = PBXGroup;
			children = (
				4B2876F11F38476F0033B43F /* DataSourcesDemoUITests */,
				4B2876CA1F3846C70033B43F /* DataSourcesTests */,
				4BDB45E71F394881003F5053 /* DiffTests */,
			);
			path = Tests;
			sourceTree = "<group>";
		};
		742E18CAEC9DB73272848CC7 /* Frameworks */ = {
			isa = PBXGroup;
			children = (
				DB154178EA51E5E7CE88008A /* Pods_DataSourcesDemo.framework */,
				68A5C4702FAF617B7BC75F05 /* Pods_DataSourcesDemoUITests.framework */,
			);
			name = Frameworks;
			sourceTree = "<group>";
		};
		F6B5F6248C94D7E6717961D1 /* Pods */ = {
			isa = PBXGroup;
			children = (
				5F9FA47FCDF59FE730FF500A /* Pods-DataSourcesDemo.debug.xcconfig */,
				D58FD6F11BA159DDC377CC66 /* Pods-DataSourcesDemo.release.xcconfig */,
				84702358F17DC4D5781BEA62 /* Pods-DataSourcesDemoUITests.debug.xcconfig */,
				A83E9764DA41078620080029 /* Pods-DataSourcesDemoUITests.release.xcconfig */,
			);
			name = Pods;
			sourceTree = "<group>";
		};
/* End PBXGroup section */

/* Begin PBXHeadersBuildPhase section */
		4B2876BA1F3846C70033B43F /* Headers */ = {
			isa = PBXHeadersBuildPhase;
			buildActionMask = 2147483647;
			files = (
				4B2876CE1F3846C70033B43F /* ListAdapter.h in Headers */,
			);
			runOnlyForDeploymentPostprocessing = 0;
		};
		4BDB45D61F394881003F5053 /* Headers */ = {
			isa = PBXHeadersBuildPhase;
			buildActionMask = 2147483647;
			files = (
				4BDB45EB1F394881003F5053 /* Diff.h in Headers */,
			);
			runOnlyForDeploymentPostprocessing = 0;
		};
/* End PBXHeadersBuildPhase section */

/* Begin PBXNativeTarget section */
		4B2876BC1F3846C70033B43F /* DataSources */ = {
			isa = PBXNativeTarget;
			buildConfigurationList = 4B2876D11F3846C70033B43F /* Build configuration list for PBXNativeTarget "DataSources" */;
			buildPhases = (
				4B2876B81F3846C70033B43F /* Sources */,
				4B2876B91F3846C70033B43F /* Frameworks */,
				4B2876BA1F3846C70033B43F /* Headers */,
				4B2876BB1F3846C70033B43F /* Resources */,
			);
			buildRules = (
			);
			dependencies = (
			);
			name = DataSources;
			productName = ListAdapter;
			productReference = 4B2876BD1F3846C70033B43F /* DataSources.framework */;
			productType = "com.apple.product-type.framework";
		};
		4B2876C51F3846C70033B43F /* DataSourcesTests */ = {
			isa = PBXNativeTarget;
			buildConfigurationList = 4B2876D41F3846C70033B43F /* Build configuration list for PBXNativeTarget "DataSourcesTests" */;
			buildPhases = (
				4B2876C21F3846C70033B43F /* Sources */,
				4B2876C31F3846C70033B43F /* Frameworks */,
				4B2876C41F3846C70033B43F /* Resources */,
			);
			buildRules = (
			);
			dependencies = (
				4B2876C91F3846C70033B43F /* PBXTargetDependency */,
			);
			name = DataSourcesTests;
			productName = ListAdapterTests;
			productReference = 4B2876C61F3846C70033B43F /* DataSourcesTests.xctest */;
			productType = "com.apple.product-type.bundle.unit-test";
		};
		4B2876DA1F38476F0033B43F /* DataSourcesDemo */ = {
			isa = PBXNativeTarget;
			buildConfigurationList = 4B2876F51F38476F0033B43F /* Build configuration list for PBXNativeTarget "DataSourcesDemo" */;
			buildPhases = (
				0E75FFCA8011A4EDEFBE3046 /* [CP] Check Pods Manifest.lock */,
				4B2876D71F38476F0033B43F /* Sources */,
				4B2876D81F38476F0033B43F /* Frameworks */,
				4B2876D91F38476F0033B43F /* Resources */,
				4BCFF2791F38DC0B0031FFAC /* Embed Frameworks */,
				17B9C75DB16E38EAEAE6FFA2 /* [CP] Embed Pods Frameworks */,
				D2B1181D1F1F37DC6FD54B46 /* [CP] Copy Pods Resources */,
			);
			buildRules = (
			);
			dependencies = (
				4B7BA0311F38FC9600CE9BAC /* PBXTargetDependency */,
				4BDB45ED1F394881003F5053 /* PBXTargetDependency */,
			);
			name = DataSourcesDemo;
			productName = ListAdapterDemo;
			productReference = 4B2876DB1F38476F0033B43F /* DataSourcesDemo.app */;
			productType = "com.apple.product-type.application";
		};
		4B2876ED1F38476F0033B43F /* DataSourcesDemoUITests */ = {
			isa = PBXNativeTarget;
			buildConfigurationList = 4B2876F81F38476F0033B43F /* Build configuration list for PBXNativeTarget "DataSourcesDemoUITests" */;
			buildPhases = (
				D8DA2562990B1DDA2E5991CA /* [CP] Check Pods Manifest.lock */,
				4B2876EA1F38476F0033B43F /* Sources */,
				4B2876EB1F38476F0033B43F /* Frameworks */,
				4B2876EC1F38476F0033B43F /* Resources */,
				AF3AEEB63E34DE2AACF7D94B /* [CP] Embed Pods Frameworks */,
				D62F39311831D3AC18DC25C9 /* [CP] Copy Pods Resources */,
			);
			buildRules = (
			);
			dependencies = (
				4B2876F01F38476F0033B43F /* PBXTargetDependency */,
			);
			name = DataSourcesDemoUITests;
			productName = ListAdapterDemoUITests;
			productReference = 4B2876EE1F38476F0033B43F /* DataSourcesDemoUITests.xctest */;
			productType = "com.apple.product-type.bundle.ui-testing";
		};
		4BDB45D81F394881003F5053 /* Diff */ = {
			isa = PBXNativeTarget;
			buildConfigurationList = 4BDB45F41F394881003F5053 /* Build configuration list for PBXNativeTarget "Diff" */;
			buildPhases = (
				4BDB45D41F394881003F5053 /* Sources */,
				4BDB45D51F394881003F5053 /* Frameworks */,
				4BDB45D61F394881003F5053 /* Headers */,
				4BDB45D71F394881003F5053 /* Resources */,
			);
			buildRules = (
			);
			dependencies = (
			);
			name = Diff;
			productName = Diff;
			productReference = 4BDB45D91F394881003F5053 /* Diff.framework */;
			productType = "com.apple.product-type.framework";
		};
		4BDB45E01F394881003F5053 /* DiffTests */ = {
			isa = PBXNativeTarget;
			buildConfigurationList = 4BDB45F51F394881003F5053 /* Build configuration list for PBXNativeTarget "DiffTests" */;
			buildPhases = (
				4BDB45DD1F394881003F5053 /* Sources */,
				4BDB45DE1F394881003F5053 /* Frameworks */,
				4BDB45DF1F394881003F5053 /* Resources */,
			);
			buildRules = (
			);
			dependencies = (
				4BDB45E41F394881003F5053 /* PBXTargetDependency */,
			);
			name = DiffTests;
			productName = DiffTests;
			productReference = 4BDB45E11F394881003F5053 /* DiffTests.xctest */;
			productType = "com.apple.product-type.bundle.unit-test";
		};
/* End PBXNativeTarget section */

/* Begin PBXProject section */
		4B2876B41F3846C70033B43F /* Project object */ = {
			isa = PBXProject;
			attributes = {
				LastSwiftUpdateCheck = 0900;
				LastUpgradeCheck = 0900;
				ORGANIZATIONNAME = muukii;
				TargetAttributes = {
					4B2876BC1F3846C70033B43F = {
						CreatedOnToolsVersion = 9.0;
						LastSwiftMigration = 0900;
					};
					4B2876C51F3846C70033B43F = {
						CreatedOnToolsVersion = 9.0;
					};
					4B2876DA1F38476F0033B43F = {
						CreatedOnToolsVersion = 9.0;
					};
					4B2876ED1F38476F0033B43F = {
						CreatedOnToolsVersion = 9.0;
						TestTargetID = 4B2876DA1F38476F0033B43F;
					};
					4BDB45D81F394881003F5053 = {
						CreatedOnToolsVersion = 9.0;
					};
					4BDB45E01F394881003F5053 = {
						CreatedOnToolsVersion = 9.0;
					};
				};
			};
			buildConfigurationList = 4B2876B71F3846C70033B43F /* Build configuration list for PBXProject "DataSources" */;
			compatibilityVersion = "Xcode 8.0";
			developmentRegion = en;
			hasScannedForEncodings = 0;
			knownRegions = (
				en,
				Base,
			);
			mainGroup = 4B2876B31F3846C70033B43F;
			productRefGroup = 4B2876BE1F3846C70033B43F /* Products */;
			projectDirPath = "";
			projectRoot = "";
			targets = (
				4BDB45D81F394881003F5053 /* Diff */,
				4BDB45E01F394881003F5053 /* DiffTests */,
				4B2876BC1F3846C70033B43F /* DataSources */,
				4B2876C51F3846C70033B43F /* DataSourcesTests */,
				4B2876DA1F38476F0033B43F /* DataSourcesDemo */,
				4B2876ED1F38476F0033B43F /* DataSourcesDemoUITests */,
			);
		};
/* End PBXProject section */

/* Begin PBXResourcesBuildPhase section */
		4B2876BB1F3846C70033B43F /* Resources */ = {
			isa = PBXResourcesBuildPhase;
			buildActionMask = 2147483647;
			files = (
			);
			runOnlyForDeploymentPostprocessing = 0;
		};
		4B2876C41F3846C70033B43F /* Resources */ = {
			isa = PBXResourcesBuildPhase;
			buildActionMask = 2147483647;
			files = (
			);
			runOnlyForDeploymentPostprocessing = 0;
		};
		4B2876D91F38476F0033B43F /* Resources */ = {
			isa = PBXResourcesBuildPhase;
			buildActionMask = 2147483647;
			files = (
				4B2876E81F38476F0033B43F /* LaunchScreen.storyboard in Resources */,
				4B2876E51F38476F0033B43F /* Assets.xcassets in Resources */,
				4B2876E31F38476F0033B43F /* Main.storyboard in Resources */,
			);
			runOnlyForDeploymentPostprocessing = 0;
		};
		4B2876EC1F38476F0033B43F /* Resources */ = {
			isa = PBXResourcesBuildPhase;
			buildActionMask = 2147483647;
			files = (
			);
			runOnlyForDeploymentPostprocessing = 0;
		};
		4BDB45D71F394881003F5053 /* Resources */ = {
			isa = PBXResourcesBuildPhase;
			buildActionMask = 2147483647;
			files = (
			);
			runOnlyForDeploymentPostprocessing = 0;
		};
		4BDB45DF1F394881003F5053 /* Resources */ = {
			isa = PBXResourcesBuildPhase;
			buildActionMask = 2147483647;
			files = (
			);
			runOnlyForDeploymentPostprocessing = 0;
		};
/* End PBXResourcesBuildPhase section */

/* Begin PBXShellScriptBuildPhase section */
		0E75FFCA8011A4EDEFBE3046 /* [CP] Check Pods Manifest.lock */ = {
			isa = PBXShellScriptBuildPhase;
			buildActionMask = 2147483647;
			files = (
			);
			inputPaths = (
			);
			name = "[CP] Check Pods Manifest.lock";
			outputPaths = (
			);
			runOnlyForDeploymentPostprocessing = 0;
			shellPath = /bin/sh;
			shellScript = "diff \"${PODS_PODFILE_DIR_PATH}/Podfile.lock\" \"${PODS_ROOT}/Manifest.lock\" > /dev/null\nif [ $? != 0 ] ; then\n    # print error to STDERR\n    echo \"error: The sandbox is not in sync with the Podfile.lock. Run 'pod install' or update your CocoaPods installation.\" >&2\n    exit 1\nfi\n";
			showEnvVarsInLog = 0;
		};
		17B9C75DB16E38EAEAE6FFA2 /* [CP] Embed Pods Frameworks */ = {
			isa = PBXShellScriptBuildPhase;
			buildActionMask = 2147483647;
			files = (
			);
			inputPaths = (
			);
			name = "[CP] Embed Pods Frameworks";
			outputPaths = (
			);
			runOnlyForDeploymentPostprocessing = 0;
			shellPath = /bin/sh;
			shellScript = "\"${SRCROOT}/Pods/Target Support Files/Pods-DataSourcesDemo/Pods-DataSourcesDemo-frameworks.sh\"\n";
			showEnvVarsInLog = 0;
		};
		AF3AEEB63E34DE2AACF7D94B /* [CP] Embed Pods Frameworks */ = {
			isa = PBXShellScriptBuildPhase;
			buildActionMask = 2147483647;
			files = (
			);
			inputPaths = (
			);
			name = "[CP] Embed Pods Frameworks";
			outputPaths = (
			);
			runOnlyForDeploymentPostprocessing = 0;
			shellPath = /bin/sh;
			shellScript = "\"${SRCROOT}/Pods/Target Support Files/Pods-DataSourcesDemoUITests/Pods-DataSourcesDemoUITests-frameworks.sh\"\n";
			showEnvVarsInLog = 0;
		};
		D2B1181D1F1F37DC6FD54B46 /* [CP] Copy Pods Resources */ = {
			isa = PBXShellScriptBuildPhase;
			buildActionMask = 2147483647;
			files = (
			);
			inputPaths = (
			);
			name = "[CP] Copy Pods Resources";
			outputPaths = (
			);
			runOnlyForDeploymentPostprocessing = 0;
			shellPath = /bin/sh;
			shellScript = "\"${SRCROOT}/Pods/Target Support Files/Pods-DataSourcesDemo/Pods-DataSourcesDemo-resources.sh\"\n";
			showEnvVarsInLog = 0;
		};
		D62F39311831D3AC18DC25C9 /* [CP] Copy Pods Resources */ = {
			isa = PBXShellScriptBuildPhase;
			buildActionMask = 2147483647;
			files = (
			);
			inputPaths = (
			);
			name = "[CP] Copy Pods Resources";
			outputPaths = (
			);
			runOnlyForDeploymentPostprocessing = 0;
			shellPath = /bin/sh;
			shellScript = "\"${SRCROOT}/Pods/Target Support Files/Pods-DataSourcesDemoUITests/Pods-DataSourcesDemoUITests-resources.sh\"\n";
			showEnvVarsInLog = 0;
		};
		D8DA2562990B1DDA2E5991CA /* [CP] Check Pods Manifest.lock */ = {
			isa = PBXShellScriptBuildPhase;
			buildActionMask = 2147483647;
			files = (
			);
			inputPaths = (
			);
			name = "[CP] Check Pods Manifest.lock";
			outputPaths = (
			);
			runOnlyForDeploymentPostprocessing = 0;
			shellPath = /bin/sh;
			shellScript = "diff \"${PODS_PODFILE_DIR_PATH}/Podfile.lock\" \"${PODS_ROOT}/Manifest.lock\" > /dev/null\nif [ $? != 0 ] ; then\n    # print error to STDERR\n    echo \"error: The sandbox is not in sync with the Podfile.lock. Run 'pod install' or update your CocoaPods installation.\" >&2\n    exit 1\nfi\n";
			showEnvVarsInLog = 0;
		};
/* End PBXShellScriptBuildPhase section */

/* Begin PBXSourcesBuildPhase section */
		4B2876B81F3846C70033B43F /* Sources */ = {
			isa = PBXSourcesBuildPhase;
			buildActionMask = 2147483647;
			files = (
				4BE9DCC61F3ABE2D002A00FA /* DataSource.swift in Sources */,
				4BDB45FF1F3950F2003F5053 /* CollectionViewAdapter.swift in Sources */,
				4B020EC01F3A35A90001EDB7 /* Throttle.swift in Sources */,
				4BDB45FB1F394FDF003F5053 /* DataSources.swift in Sources */,
				4B2876FC1F3847B90033B43F /* Updating.swift in Sources */,
				4BCFF27D1F38DCE50031FFAC /* SectionDataSource.swift in Sources */,
				4BCFF27F1F38DD3E0031FFAC /* SectionUpdater.swift in Sources */,
			);
			runOnlyForDeploymentPostprocessing = 0;
		};
		4B2876C21F3846C70033B43F /* Sources */ = {
			isa = PBXSourcesBuildPhase;
			buildActionMask = 2147483647;
			files = (
				4B0B9E1F1F3A3B840013B992 /* ThrottleTests.swift in Sources */,
			);
			runOnlyForDeploymentPostprocessing = 0;
		};
		4B2876D71F38476F0033B43F /* Sources */ = {
			isa = PBXSourcesBuildPhase;
			buildActionMask = 2147483647;
			files = (
				4B84E8951F38FFFF00168F6E /* CollectionViewController.swift in Sources */,
				4B9997C01F39A99700DCE3FA /* CollectionNodeAdapter.swift in Sources */,
				4B2876E01F38476F0033B43F /* ViewController.swift in Sources */,
				4B2876DE1F38476F0033B43F /* AppDelegate.swift in Sources */,
			);
			runOnlyForDeploymentPostprocessing = 0;
		};
		4B2876EA1F38476F0033B43F /* Sources */ = {
			isa = PBXSourcesBuildPhase;
			buildActionMask = 2147483647;
			files = (
				4B2876F31F38476F0033B43F /* ListAdapterDemoUITests.swift in Sources */,
			);
			runOnlyForDeploymentPostprocessing = 0;
		};
		4BDB45D41F394881003F5053 /* Sources */ = {
			isa = PBXSourcesBuildPhase;
			buildActionMask = 2147483647;
			files = (
				4BDB46011F3953C3003F5053 /* Foundation+Diffable.swift in Sources */,
				4BDB45F81F394C11003F5053 /* Diff.swift in Sources */,
				4BDB45FD1F39500F003F5053 /* ChangesArray.swift in Sources */,
			);
			runOnlyForDeploymentPostprocessing = 0;
		};
		4BDB45DD1F394881003F5053 /* Sources */ = {
			isa = PBXSourcesBuildPhase;
			buildActionMask = 2147483647;
			files = (
				4BDB45E91F394881003F5053 /* DiffTests.swift in Sources */,
			);
			runOnlyForDeploymentPostprocessing = 0;
		};
/* End PBXSourcesBuildPhase section */

/* Begin PBXTargetDependency section */
		4B2876C91F3846C70033B43F /* PBXTargetDependency */ = {
			isa = PBXTargetDependency;
			target = 4B2876BC1F3846C70033B43F /* DataSources */;
			targetProxy = 4B2876C81F3846C70033B43F /* PBXContainerItemProxy */;
		};
		4B2876F01F38476F0033B43F /* PBXTargetDependency */ = {
			isa = PBXTargetDependency;
			target = 4B2876DA1F38476F0033B43F /* DataSourcesDemo */;
			targetProxy = 4B2876EF1F38476F0033B43F /* PBXContainerItemProxy */;
		};
		4B7BA0311F38FC9600CE9BAC /* PBXTargetDependency */ = {
			isa = PBXTargetDependency;
			target = 4B2876BC1F3846C70033B43F /* DataSources */;
			targetProxy = 4B7BA0301F38FC9600CE9BAC /* PBXContainerItemProxy */;
		};
		4BDB45E41F394881003F5053 /* PBXTargetDependency */ = {
			isa = PBXTargetDependency;
			target = 4BDB45D81F394881003F5053 /* Diff */;
			targetProxy = 4BDB45E31F394881003F5053 /* PBXContainerItemProxy */;
		};
		4BDB45ED1F394881003F5053 /* PBXTargetDependency */ = {
			isa = PBXTargetDependency;
			target = 4BDB45D81F394881003F5053 /* Diff */;
			targetProxy = 4BDB45EC1F394881003F5053 /* PBXContainerItemProxy */;
		};
/* End PBXTargetDependency section */

/* Begin PBXVariantGroup section */
		4B2876E11F38476F0033B43F /* Main.storyboard */ = {
			isa = PBXVariantGroup;
			children = (
				4B2876E21F38476F0033B43F /* Base */,
			);
			name = Main.storyboard;
			path = .;
			sourceTree = "<group>";
		};
		4B2876E61F38476F0033B43F /* LaunchScreen.storyboard */ = {
			isa = PBXVariantGroup;
			children = (
				4B2876E71F38476F0033B43F /* Base */,
			);
			name = LaunchScreen.storyboard;
			path = .;
			sourceTree = "<group>";
		};
/* End PBXVariantGroup section */

/* Begin XCBuildConfiguration section */
		4B2876CF1F3846C70033B43F /* Debug */ = {
			isa = XCBuildConfiguration;
			buildSettings = {
				ALWAYS_SEARCH_USER_PATHS = NO;
				CLANG_ANALYZER_NONNULL = YES;
				CLANG_ANALYZER_NUMBER_OBJECT_CONVERSION = YES_AGGRESSIVE;
				CLANG_CXX_LANGUAGE_STANDARD = "gnu++14";
				CLANG_CXX_LIBRARY = "libc++";
				CLANG_ENABLE_MODULES = YES;
				CLANG_ENABLE_OBJC_ARC = YES;
				CLANG_WARN_BLOCK_CAPTURE_AUTORELEASING = YES;
				CLANG_WARN_BOOL_CONVERSION = YES;
				CLANG_WARN_COMMA = YES;
				CLANG_WARN_CONSTANT_CONVERSION = YES;
				CLANG_WARN_DIRECT_OBJC_ISA_USAGE = YES_ERROR;
				CLANG_WARN_DOCUMENTATION_COMMENTS = YES;
				CLANG_WARN_EMPTY_BODY = YES;
				CLANG_WARN_ENUM_CONVERSION = YES;
				CLANG_WARN_INFINITE_RECURSION = YES;
				CLANG_WARN_INT_CONVERSION = YES;
				CLANG_WARN_NON_LITERAL_NULL_CONVERSION = YES;
				CLANG_WARN_OBJC_LITERAL_CONVERSION = YES;
				CLANG_WARN_OBJC_ROOT_CLASS = YES_ERROR;
				CLANG_WARN_RANGE_LOOP_ANALYSIS = YES;
				CLANG_WARN_STRICT_PROTOTYPES = YES;
				CLANG_WARN_SUSPICIOUS_MOVE = YES;
				CLANG_WARN_UNGUARDED_AVAILABILITY = YES_AGGRESSIVE;
				CLANG_WARN_UNREACHABLE_CODE = YES;
				CLANG_WARN__DUPLICATE_METHOD_MATCH = YES;
				CODE_SIGN_IDENTITY = "iPhone Developer";
				COPY_PHASE_STRIP = NO;
				CURRENT_PROJECT_VERSION = 1;
				DEBUG_INFORMATION_FORMAT = dwarf;
				ENABLE_STRICT_OBJC_MSGSEND = YES;
				ENABLE_TESTABILITY = YES;
				GCC_C_LANGUAGE_STANDARD = gnu11;
				GCC_DYNAMIC_NO_PIC = NO;
				GCC_NO_COMMON_BLOCKS = YES;
				GCC_OPTIMIZATION_LEVEL = 0;
				GCC_PREPROCESSOR_DEFINITIONS = (
					"DEBUG=1",
					"$(inherited)",
				);
				GCC_WARN_64_TO_32_BIT_CONVERSION = YES;
				GCC_WARN_ABOUT_RETURN_TYPE = YES_ERROR;
				GCC_WARN_UNDECLARED_SELECTOR = YES;
				GCC_WARN_UNINITIALIZED_AUTOS = YES_AGGRESSIVE;
				GCC_WARN_UNUSED_FUNCTION = YES;
				GCC_WARN_UNUSED_VARIABLE = YES;
				IPHONEOS_DEPLOYMENT_TARGET = 9.0;
				MTL_ENABLE_DEBUG_INFO = YES;
				ONLY_ACTIVE_ARCH = YES;
				SDKROOT = iphoneos;
				SWIFT_ACTIVE_COMPILATION_CONDITIONS = DEBUG;
				SWIFT_OPTIMIZATION_LEVEL = "-Onone";
				VERSIONING_SYSTEM = "apple-generic";
				VERSION_INFO_PREFIX = "";
			};
			name = Debug;
		};
		4B2876D01F3846C70033B43F /* Release */ = {
			isa = XCBuildConfiguration;
			buildSettings = {
				ALWAYS_SEARCH_USER_PATHS = NO;
				CLANG_ANALYZER_NONNULL = YES;
				CLANG_ANALYZER_NUMBER_OBJECT_CONVERSION = YES_AGGRESSIVE;
				CLANG_CXX_LANGUAGE_STANDARD = "gnu++14";
				CLANG_CXX_LIBRARY = "libc++";
				CLANG_ENABLE_MODULES = YES;
				CLANG_ENABLE_OBJC_ARC = YES;
				CLANG_WARN_BLOCK_CAPTURE_AUTORELEASING = YES;
				CLANG_WARN_BOOL_CONVERSION = YES;
				CLANG_WARN_COMMA = YES;
				CLANG_WARN_CONSTANT_CONVERSION = YES;
				CLANG_WARN_DIRECT_OBJC_ISA_USAGE = YES_ERROR;
				CLANG_WARN_DOCUMENTATION_COMMENTS = YES;
				CLANG_WARN_EMPTY_BODY = YES;
				CLANG_WARN_ENUM_CONVERSION = YES;
				CLANG_WARN_INFINITE_RECURSION = YES;
				CLANG_WARN_INT_CONVERSION = YES;
				CLANG_WARN_NON_LITERAL_NULL_CONVERSION = YES;
				CLANG_WARN_OBJC_LITERAL_CONVERSION = YES;
				CLANG_WARN_OBJC_ROOT_CLASS = YES_ERROR;
				CLANG_WARN_RANGE_LOOP_ANALYSIS = YES;
				CLANG_WARN_STRICT_PROTOTYPES = YES;
				CLANG_WARN_SUSPICIOUS_MOVE = YES;
				CLANG_WARN_UNGUARDED_AVAILABILITY = YES_AGGRESSIVE;
				CLANG_WARN_UNREACHABLE_CODE = YES;
				CLANG_WARN__DUPLICATE_METHOD_MATCH = YES;
				CODE_SIGN_IDENTITY = "iPhone Developer";
				COPY_PHASE_STRIP = NO;
				CURRENT_PROJECT_VERSION = 1;
				DEBUG_INFORMATION_FORMAT = "dwarf-with-dsym";
				ENABLE_NS_ASSERTIONS = NO;
				ENABLE_STRICT_OBJC_MSGSEND = YES;
				GCC_C_LANGUAGE_STANDARD = gnu11;
				GCC_NO_COMMON_BLOCKS = YES;
				GCC_WARN_64_TO_32_BIT_CONVERSION = YES;
				GCC_WARN_ABOUT_RETURN_TYPE = YES_ERROR;
				GCC_WARN_UNDECLARED_SELECTOR = YES;
				GCC_WARN_UNINITIALIZED_AUTOS = YES_AGGRESSIVE;
				GCC_WARN_UNUSED_FUNCTION = YES;
				GCC_WARN_UNUSED_VARIABLE = YES;
				IPHONEOS_DEPLOYMENT_TARGET = 9.0;
				MTL_ENABLE_DEBUG_INFO = NO;
				SDKROOT = iphoneos;
				SWIFT_OPTIMIZATION_LEVEL = "-Owholemodule";
				VALIDATE_PRODUCT = YES;
				VERSIONING_SYSTEM = "apple-generic";
				VERSION_INFO_PREFIX = "";
			};
			name = Release;
		};
		4B2876D21F3846C70033B43F /* Debug */ = {
			isa = XCBuildConfiguration;
			buildSettings = {
				APPLICATION_EXTENSION_API_ONLY = YES;
				CLANG_ENABLE_MODULES = YES;
				CODE_SIGN_IDENTITY = "";
				DEFINES_MODULE = YES;
				DYLIB_COMPATIBILITY_VERSION = 1;
				DYLIB_CURRENT_VERSION = 1;
				DYLIB_INSTALL_NAME_BASE = "@rpath";
				INFOPLIST_FILE = "$(SRCROOT)/Sources/DataSources/Info.plist";
				INSTALL_PATH = "$(LOCAL_LIBRARY_DIR)/Frameworks";
				LD_RUNPATH_SEARCH_PATHS = "$(inherited) @executable_path/Frameworks @loader_path/Frameworks";
				PRODUCT_BUNDLE_IDENTIFIER = me.muukii.DataSources;
				PRODUCT_NAME = "$(TARGET_NAME:c99extidentifier)";
				SKIP_INSTALL = YES;
				SWIFT_OPTIMIZATION_LEVEL = "-Onone";
				SWIFT_VERSION = 3.0;
				TARGETED_DEVICE_FAMILY = "1,2";
			};
			name = Debug;
		};
		4B2876D31F3846C70033B43F /* Release */ = {
			isa = XCBuildConfiguration;
			buildSettings = {
				APPLICATION_EXTENSION_API_ONLY = YES;
				CLANG_ENABLE_MODULES = YES;
				CODE_SIGN_IDENTITY = "";
				DEFINES_MODULE = YES;
				DYLIB_COMPATIBILITY_VERSION = 1;
				DYLIB_CURRENT_VERSION = 1;
				DYLIB_INSTALL_NAME_BASE = "@rpath";
				INFOPLIST_FILE = "$(SRCROOT)/Sources/DataSources/Info.plist";
				INSTALL_PATH = "$(LOCAL_LIBRARY_DIR)/Frameworks";
				LD_RUNPATH_SEARCH_PATHS = "$(inherited) @executable_path/Frameworks @loader_path/Frameworks";
				PRODUCT_BUNDLE_IDENTIFIER = me.muukii.DataSources;
				PRODUCT_NAME = "$(TARGET_NAME:c99extidentifier)";
				SKIP_INSTALL = YES;
				SWIFT_VERSION = 3.0;
				TARGETED_DEVICE_FAMILY = "1,2";
			};
			name = Release;
		};
		4B2876D51F3846C70033B43F /* Debug */ = {
			isa = XCBuildConfiguration;
			buildSettings = {
				ALWAYS_EMBED_SWIFT_STANDARD_LIBRARIES = YES;
				INFOPLIST_FILE = Tests/DataSourcesTests/Info.plist;
				LD_RUNPATH_SEARCH_PATHS = "$(inherited) @executable_path/Frameworks @loader_path/Frameworks";
				PRODUCT_BUNDLE_IDENTIFIER = me.muukii.ListAdapterTests;
				PRODUCT_NAME = "$(TARGET_NAME)";
				SWIFT_VERSION = 4.0;
				TARGETED_DEVICE_FAMILY = "1,2";
			};
			name = Debug;
		};
		4B2876D61F3846C70033B43F /* Release */ = {
			isa = XCBuildConfiguration;
			buildSettings = {
				ALWAYS_EMBED_SWIFT_STANDARD_LIBRARIES = YES;
				INFOPLIST_FILE = Tests/DataSourcesTests/Info.plist;
				LD_RUNPATH_SEARCH_PATHS = "$(inherited) @executable_path/Frameworks @loader_path/Frameworks";
				PRODUCT_BUNDLE_IDENTIFIER = me.muukii.ListAdapterTests;
				PRODUCT_NAME = "$(TARGET_NAME)";
				SWIFT_VERSION = 4.0;
				TARGETED_DEVICE_FAMILY = "1,2";
			};
			name = Release;
		};
		4B2876F61F38476F0033B43F /* Debug */ = {
			isa = XCBuildConfiguration;
			baseConfigurationReference = 5F9FA47FCDF59FE730FF500A /* Pods-DataSourcesDemo.debug.xcconfig */;
			buildSettings = {
				ALWAYS_EMBED_SWIFT_STANDARD_LIBRARIES = YES;
				ASSETCATALOG_COMPILER_APPICON_NAME = AppIcon;
				DEVELOPMENT_TEAM = KU2QEJ9K3Z;
				FRAMEWORK_SEARCH_PATHS = (
					"$(inherited)",
					"$(PROJECT_DIR)/Carthage/Build/iOS",
				);
				INFOPLIST_FILE = "$(SRCROOT)/Sources/DataSourcesDemo/Info.plist";
				LD_RUNPATH_SEARCH_PATHS = "$(inherited) @executable_path/Frameworks $(SRCROOT)/Carthage/Build/iOS";
				PRODUCT_BUNDLE_IDENTIFIER = me.muukii.ListAdapterDemo;
				PRODUCT_NAME = "$(TARGET_NAME)";
				SWIFT_VERSION = 3.0;
				TARGETED_DEVICE_FAMILY = 1;
			};
			name = Debug;
		};
		4B2876F71F38476F0033B43F /* Release */ = {
			isa = XCBuildConfiguration;
			baseConfigurationReference = D58FD6F11BA159DDC377CC66 /* Pods-DataSourcesDemo.release.xcconfig */;
			buildSettings = {
				ALWAYS_EMBED_SWIFT_STANDARD_LIBRARIES = YES;
				ASSETCATALOG_COMPILER_APPICON_NAME = AppIcon;
				DEVELOPMENT_TEAM = KU2QEJ9K3Z;
				FRAMEWORK_SEARCH_PATHS = (
					"$(inherited)",
					"$(PROJECT_DIR)/Carthage/Build/iOS",
				);
				INFOPLIST_FILE = "$(SRCROOT)/Sources/DataSourcesDemo/Info.plist";
				LD_RUNPATH_SEARCH_PATHS = "$(inherited) @executable_path/Frameworks $(SRCROOT)/Carthage/Build/iOS";
				PRODUCT_BUNDLE_IDENTIFIER = me.muukii.ListAdapterDemo;
				PRODUCT_NAME = "$(TARGET_NAME)";
				SWIFT_VERSION = 3.0;
				TARGETED_DEVICE_FAMILY = 1;
			};
			name = Release;
		};
		4B2876F91F38476F0033B43F /* Debug */ = {
			isa = XCBuildConfiguration;
			baseConfigurationReference = 84702358F17DC4D5781BEA62 /* Pods-DataSourcesDemoUITests.debug.xcconfig */;
			buildSettings = {
				ALWAYS_EMBED_SWIFT_STANDARD_LIBRARIES = YES;
				INFOPLIST_FILE = Tests/DataSourcesDemoUITests/Info.plist;
				LD_RUNPATH_SEARCH_PATHS = "$(inherited) @executable_path/Frameworks @loader_path/Frameworks";
				PRODUCT_BUNDLE_IDENTIFIER = me.muukii.ListAdapterDemoUITests;
				PRODUCT_NAME = "$(TARGET_NAME)";
				SWIFT_VERSION = 4.0;
				TARGETED_DEVICE_FAMILY = "1,2";
				TEST_TARGET_NAME = ListAdapterDemo;
			};
			name = Debug;
		};
		4B2876FA1F38476F0033B43F /* Release */ = {
			isa = XCBuildConfiguration;
			baseConfigurationReference = A83E9764DA41078620080029 /* Pods-DataSourcesDemoUITests.release.xcconfig */;
			buildSettings = {
				ALWAYS_EMBED_SWIFT_STANDARD_LIBRARIES = YES;
				INFOPLIST_FILE = Tests/DataSourcesDemoUITests/Info.plist;
				LD_RUNPATH_SEARCH_PATHS = "$(inherited) @executable_path/Frameworks @loader_path/Frameworks";
				PRODUCT_BUNDLE_IDENTIFIER = me.muukii.ListAdapterDemoUITests;
				PRODUCT_NAME = "$(TARGET_NAME)";
				SWIFT_VERSION = 4.0;
				TARGETED_DEVICE_FAMILY = "1,2";
				TEST_TARGET_NAME = ListAdapterDemo;
			};
			name = Release;
		};
		4BDB45F01F394881003F5053 /* Debug */ = {
			isa = XCBuildConfiguration;
			buildSettings = {
				APPLICATION_EXTENSION_API_ONLY = YES;
				CODE_SIGN_IDENTITY = "";
				DEFINES_MODULE = YES;
				DYLIB_COMPATIBILITY_VERSION = 1;
				DYLIB_CURRENT_VERSION = 1;
				DYLIB_INSTALL_NAME_BASE = "@rpath";
				INFOPLIST_FILE = "$(SRCROOT)/Sources/Diff/Info.plist";
				INSTALL_PATH = "$(LOCAL_LIBRARY_DIR)/Frameworks";
				LD_RUNPATH_SEARCH_PATHS = "$(inherited) @executable_path/Frameworks @loader_path/Frameworks";
				MACH_O_TYPE = mh_dylib;
				PRODUCT_BUNDLE_IDENTIFIER = me.muukii.Diff;
				PRODUCT_NAME = "$(TARGET_NAME:c99extidentifier)";
				SKIP_INSTALL = YES;
				SWIFT_VERSION = 3.0;
				TARGETED_DEVICE_FAMILY = "1,2";
			};
			name = Debug;
		};
		4BDB45F11F394881003F5053 /* Release */ = {
			isa = XCBuildConfiguration;
			buildSettings = {
				APPLICATION_EXTENSION_API_ONLY = YES;
				CODE_SIGN_IDENTITY = "";
				DEFINES_MODULE = YES;
				DYLIB_COMPATIBILITY_VERSION = 1;
				DYLIB_CURRENT_VERSION = 1;
				DYLIB_INSTALL_NAME_BASE = "@rpath";
				INFOPLIST_FILE = "$(SRCROOT)/Sources/Diff/Info.plist";
				INSTALL_PATH = "$(LOCAL_LIBRARY_DIR)/Frameworks";
				LD_RUNPATH_SEARCH_PATHS = "$(inherited) @executable_path/Frameworks @loader_path/Frameworks";
				MACH_O_TYPE = mh_dylib;
				PRODUCT_BUNDLE_IDENTIFIER = me.muukii.Diff;
				PRODUCT_NAME = "$(TARGET_NAME:c99extidentifier)";
				SKIP_INSTALL = YES;
				SWIFT_VERSION = 3.0;
				TARGETED_DEVICE_FAMILY = "1,2";
			};
			name = Release;
		};
		4BDB45F21F394881003F5053 /* Debug */ = {
			isa = XCBuildConfiguration;
			buildSettings = {
				ALWAYS_EMBED_SWIFT_STANDARD_LIBRARIES = YES;
				INFOPLIST_FILE = Tests/DiffTests/Info.plist;
				IPHONEOS_DEPLOYMENT_TARGET = 11.0;
				LD_RUNPATH_SEARCH_PATHS = "$(inherited) @executable_path/Frameworks @loader_path/Frameworks";
				PRODUCT_BUNDLE_IDENTIFIER = me.muukii.DiffTests;
				PRODUCT_NAME = "$(TARGET_NAME)";
				SWIFT_VERSION = 4.0;
				TARGETED_DEVICE_FAMILY = "1,2";
			};
			name = Debug;
		};
		4BDB45F31F394881003F5053 /* Release */ = {
			isa = XCBuildConfiguration;
			buildSettings = {
				ALWAYS_EMBED_SWIFT_STANDARD_LIBRARIES = YES;
				INFOPLIST_FILE = Tests/DiffTests/Info.plist;
				IPHONEOS_DEPLOYMENT_TARGET = 11.0;
				LD_RUNPATH_SEARCH_PATHS = "$(inherited) @executable_path/Frameworks @loader_path/Frameworks";
				PRODUCT_BUNDLE_IDENTIFIER = me.muukii.DiffTests;
				PRODUCT_NAME = "$(TARGET_NAME)";
				SWIFT_VERSION = 4.0;
				TARGETED_DEVICE_FAMILY = "1,2";
			};
			name = Release;
		};
/* End XCBuildConfiguration section */

/* Begin XCConfigurationList section */
		4B2876B71F3846C70033B43F /* Build configuration list for PBXProject "DataSources" */ = {
			isa = XCConfigurationList;
			buildConfigurations = (
				4B2876CF1F3846C70033B43F /* Debug */,
				4B2876D01F3846C70033B43F /* Release */,
			);
			defaultConfigurationIsVisible = 0;
			defaultConfigurationName = Release;
		};
		4B2876D11F3846C70033B43F /* Build configuration list for PBXNativeTarget "DataSources" */ = {
			isa = XCConfigurationList;
			buildConfigurations = (
				4B2876D21F3846C70033B43F /* Debug */,
				4B2876D31F3846C70033B43F /* Release */,
			);
			defaultConfigurationIsVisible = 0;
			defaultConfigurationName = Release;
		};
		4B2876D41F3846C70033B43F /* Build configuration list for PBXNativeTarget "DataSourcesTests" */ = {
			isa = XCConfigurationList;
			buildConfigurations = (
				4B2876D51F3846C70033B43F /* Debug */,
				4B2876D61F3846C70033B43F /* Release */,
			);
			defaultConfigurationIsVisible = 0;
			defaultConfigurationName = Release;
		};
		4B2876F51F38476F0033B43F /* Build configuration list for PBXNativeTarget "DataSourcesDemo" */ = {
			isa = XCConfigurationList;
			buildConfigurations = (
				4B2876F61F38476F0033B43F /* Debug */,
				4B2876F71F38476F0033B43F /* Release */,
			);
			defaultConfigurationIsVisible = 0;
			defaultConfigurationName = Release;
		};
		4B2876F81F38476F0033B43F /* Build configuration list for PBXNativeTarget "DataSourcesDemoUITests" */ = {
			isa = XCConfigurationList;
			buildConfigurations = (
				4B2876F91F38476F0033B43F /* Debug */,
				4B2876FA1F38476F0033B43F /* Release */,
			);
			defaultConfigurationIsVisible = 0;
			defaultConfigurationName = Release;
		};
		4BDB45F41F394881003F5053 /* Build configuration list for PBXNativeTarget "Diff" */ = {
			isa = XCConfigurationList;
			buildConfigurations = (
				4BDB45F01F394881003F5053 /* Debug */,
				4BDB45F11F394881003F5053 /* Release */,
			);
			defaultConfigurationIsVisible = 0;
			defaultConfigurationName = Release;
		};
		4BDB45F51F394881003F5053 /* Build configuration list for PBXNativeTarget "DiffTests" */ = {
			isa = XCConfigurationList;
			buildConfigurations = (
				4BDB45F21F394881003F5053 /* Debug */,
				4BDB45F31F394881003F5053 /* Release */,
			);
			defaultConfigurationIsVisible = 0;
			defaultConfigurationName = Release;
		};
/* End XCConfigurationList section */
	};
	rootObject = 4B2876B41F3846C70033B43F /* Project object */;
}
